// !$*UTF8*$!
{
	archiveVersion = 1;
	classes = {
	};
	objectVersion = 56;
	objects = {

/* Begin PBXBuildFile section */
		095015EC2A3587D8008E046E /* TripTrackApp.swift in Sources */ = {isa = PBXBuildFile; fileRef = 095015EB2A3587D8008E046E /* TripTrackApp.swift */; };
		095015EE2A3587D8008E046E /* ContentView.swift in Sources */ = {isa = PBXBuildFile; fileRef = 095015ED2A3587D8008E046E /* ContentView.swift */; };
		095015F02A3587DA008E046E /* Assets.xcassets in Resources */ = {isa = PBXBuildFile; fileRef = 095015EF2A3587DA008E046E /* Assets.xcassets */; };
		095015F32A3587DA008E046E /* Preview Assets.xcassets in Resources */ = {isa = PBXBuildFile; fileRef = 095015F22A3587DA008E046E /* Preview Assets.xcassets */; };
		095015FB2A358B0D008E046E /* FirebaseAuth in Frameworks */ = {isa = PBXBuildFile; productRef = 095015FA2A358B0D008E046E /* FirebaseAuth */; };
		095015FD2A358B0D008E046E /* FirebaseDatabase in Frameworks */ = {isa = PBXBuildFile; productRef = 095015FC2A358B0D008E046E /* FirebaseDatabase */; };
		095015FF2A359048008E046E /* GoogleService-Info.plist in Resources */ = {isa = PBXBuildFile; fileRef = 095015FE2A359048008E046E /* GoogleService-Info.plist */; };
		095016012A3596CE008E046E /* AppDelegate.swift in Sources */ = {isa = PBXBuildFile; fileRef = 095016002A3596CE008E046E /* AppDelegate.swift */; };
		095016032A35999D008E046E /* Styles.swift in Sources */ = {isa = PBXBuildFile; fileRef = 095016022A35999D008E046E /* Styles.swift */; };
		095016072A35A0A5008E046E /* LoginView.swift in Sources */ = {isa = PBXBuildFile; fileRef = 095016062A35A0A5008E046E /* LoginView.swift */; };
		098EDEC02A368E64002BFE04 /* LogoView.swift in Sources */ = {isa = PBXBuildFile; fileRef = 098EDEBF2A368E64002BFE04 /* LogoView.swift */; };
		098EDEC22A368F4E002BFE04 /* User.swift in Sources */ = {isa = PBXBuildFile; fileRef = 098EDEC12A368F4E002BFE04 /* User.swift */; };
		098EDEC52A369278002BFE04 /* EmailTextFieldView.swift in Sources */ = {isa = PBXBuildFile; fileRef = 098EDEC42A369278002BFE04 /* EmailTextFieldView.swift */; };
		098EDEC72A36A5B6002BFE04 /* PasswordTextFieldView.swift in Sources */ = {isa = PBXBuildFile; fileRef = 098EDEC62A36A5B6002BFE04 /* PasswordTextFieldView.swift */; };
		098EDEC92A36A639002BFE04 /* LoginButtonView.swift in Sources */ = {isa = PBXBuildFile; fileRef = 098EDEC82A36A639002BFE04 /* LoginButtonView.swift */; };
		098EDECB2A36A701002BFE04 /* MainView.swift in Sources */ = {isa = PBXBuildFile; fileRef = 098EDECA2A36A701002BFE04 /* MainView.swift */; };
		098EDECD2A36A959002BFE04 /* ForgotPasswordButtonView.swift in Sources */ = {isa = PBXBuildFile; fileRef = 098EDECC2A36A959002BFE04 /* ForgotPasswordButtonView.swift */; };
		098EDECF2A36AA60002BFE04 /* RegisterView.swift in Sources */ = {isa = PBXBuildFile; fileRef = 098EDECE2A36AA60002BFE04 /* RegisterView.swift */; };
		098EDED22A36AA98002BFE04 /* GoToRegisterButtonView.swift in Sources */ = {isa = PBXBuildFile; fileRef = 098EDED12A36AA98002BFE04 /* GoToRegisterButtonView.swift */; };
		098EDED42A393C10002BFE04 /* Utility.swift in Sources */ = {isa = PBXBuildFile; fileRef = 098EDED32A393C0F002BFE04 /* Utility.swift */; };
		098EDEDA2A394163002BFE04 /* HomeView.swift in Sources */ = {isa = PBXBuildFile; fileRef = 098EDED92A394163002BFE04 /* HomeView.swift */; };
		098EDEDC2A39417A002BFE04 /* ScanView.swift in Sources */ = {isa = PBXBuildFile; fileRef = 098EDEDB2A39417A002BFE04 /* ScanView.swift */; };
		098EDEE02A3941A0002BFE04 /* HistoryView.swift in Sources */ = {isa = PBXBuildFile; fileRef = 098EDEDF2A3941A0002BFE04 /* HistoryView.swift */; };
		098EDEE22A39A5C8002BFE04 /* TabView.swift in Sources */ = {isa = PBXBuildFile; fileRef = 098EDEE12A39A5C8002BFE04 /* TabView.swift */; };
		098EDEE52A3D4A2D002BFE04 /* SettingsButton.swift in Sources */ = {isa = PBXBuildFile; fileRef = 098EDEE42A3D4A2D002BFE04 /* SettingsButton.swift */; };
		098EDEE72A3D4BE5002BFE04 /* SettingView.swift in Sources */ = {isa = PBXBuildFile; fileRef = 098EDEE62A3D4BE5002BFE04 /* SettingView.swift */; };
		098EDEE92A3D4CBD002BFE04 /* AboutViewButton.swift in Sources */ = {isa = PBXBuildFile; fileRef = 098EDEE82A3D4CBD002BFE04 /* AboutViewButton.swift */; };
		098EDEEB2A3D4CED002BFE04 /* LogoutButtonView.swift in Sources */ = {isa = PBXBuildFile; fileRef = 098EDEEA2A3D4CED002BFE04 /* LogoutButtonView.swift */; };
		098EDEED2A3D4D13002BFE04 /* DeleteAccountButtonView.swift in Sources */ = {isa = PBXBuildFile; fileRef = 098EDEEC2A3D4D13002BFE04 /* DeleteAccountButtonView.swift */; };
		09B602E22A4FCBB400FA5E0A /* Vehicle.swift in Sources */ = {isa = PBXBuildFile; fileRef = 09B602E12A4FCBB400FA5E0A /* Vehicle.swift */; };
		09B602E62A526AB300FA5E0A /* LocationManager.swift in Sources */ = {isa = PBXBuildFile; fileRef = 09B602E52A526AB300FA5E0A /* LocationManager.swift */; };
		09B602EE2A53A4F900FA5E0A /* Location.swift in Sources */ = {isa = PBXBuildFile; fileRef = 09B602ED2A53A4F900FA5E0A /* Location.swift */; };
		09B602F02A59267500FA5E0A /* HistoryCellView.swift in Sources */ = {isa = PBXBuildFile; fileRef = 09B602EF2A59267500FA5E0A /* HistoryCellView.swift */; };
		09B602F22A592A6700FA5E0A /* GetHistory.swift in Sources */ = {isa = PBXBuildFile; fileRef = 09B602F12A592A6700FA5E0A /* GetHistory.swift */; };
		09B602F42A592B6200FA5E0A /* HistoryViewModel.swift in Sources */ = {isa = PBXBuildFile; fileRef = 09B602F32A592B6200FA5E0A /* HistoryViewModel.swift */; };
		09B602F62A59E4D400FA5E0A /* HistoryListView.swift in Sources */ = {isa = PBXBuildFile; fileRef = 09B602F52A59E4D400FA5E0A /* HistoryListView.swift */; };
		09B602F82A59E6EE00FA5E0A /* ActivityIndicator.swift in Sources */ = {isa = PBXBuildFile; fileRef = 09B602F72A59E6EE00FA5E0A /* ActivityIndicator.swift */; };
		09B602FA2A5A010B00FA5E0A /* Divider.swift in Sources */ = {isa = PBXBuildFile; fileRef = 09B602F92A5A010B00FA5E0A /* Divider.swift */; };
		09B602FC2A5A054000FA5E0A /* SingleTripView.swift in Sources */ = {isa = PBXBuildFile; fileRef = 09B602FB2A5A054000FA5E0A /* SingleTripView.swift */; };
		09B602FE2A5E65DF00FA5E0A /* PrivacyViewModel.swift in Sources */ = {isa = PBXBuildFile; fileRef = 09B602FD2A5E65DF00FA5E0A /* PrivacyViewModel.swift */; };
		09B603002A5E661100FA5E0A /* PrivacyView.swift in Sources */ = {isa = PBXBuildFile; fileRef = 09B602FF2A5E661100FA5E0A /* PrivacyView.swift */; };
		09C4EFF52A477F7400E6B17A /* AboutPrivacyView.swift in Sources */ = {isa = PBXBuildFile; fileRef = 09C4EFF42A477F7400E6B17A /* AboutPrivacyView.swift */; };
		09C4EFF82A478F2B00E6B17A /* RegisterEmailTextFielsView.swift in Sources */ = {isa = PBXBuildFile; fileRef = 09C4EFF72A478F2A00E6B17A /* RegisterEmailTextFielsView.swift */; };
		09C4EFFA2A478FD800E6B17A /* RegisterPasswordTextFieldView.swift in Sources */ = {isa = PBXBuildFile; fileRef = 09C4EFF92A478FD800E6B17A /* RegisterPasswordTextFieldView.swift */; };
		09C4EFFC2A47902600E6B17A /* RegisterRePasswordTextFieldView.swift in Sources */ = {isa = PBXBuildFile; fileRef = 09C4EFFB2A47902600E6B17A /* RegisterRePasswordTextFieldView.swift */; };
		09C4EFFE2A47909000E6B17A /* RegisterButtonView.swift in Sources */ = {isa = PBXBuildFile; fileRef = 09C4EFFD2A47909000E6B17A /* RegisterButtonView.swift */; };
		09C4F0002A47918700E6B17A /* RegAlerts.swift in Sources */ = {isa = PBXBuildFile; fileRef = 09C4EFFF2A47918700E6B17A /* RegAlerts.swift */; };
		09C4F0022A47B06A00E6B17A /* RegisterFullNameTextFieldView.swift in Sources */ = {isa = PBXBuildFile; fileRef = 09C4F0012A47B06A00E6B17A /* RegisterFullNameTextFieldView.swift */; };
		09C4F0042A47E42900E6B17A /* HomeViewModel.swift in Sources */ = {isa = PBXBuildFile; fileRef = 09C4F0032A47E42900E6B17A /* HomeViewModel.swift */; };
		09C4F0062A47F87E00E6B17A /* Trip.swift in Sources */ = {isa = PBXBuildFile; fileRef = 09C4F0052A47F87E00E6B17A /* Trip.swift */; };
		09C4F0082A48AAE200E6B17A /* CameraView.swift in Sources */ = {isa = PBXBuildFile; fileRef = 09C4F0072A48AAE200E6B17A /* CameraView.swift */; };
		09C4F00A2A48AAFA00E6B17A /* CameraViewBottomPanel.swift in Sources */ = {isa = PBXBuildFile; fileRef = 09C4F0092A48AAFA00E6B17A /* CameraViewBottomPanel.swift */; };
		09C4F00C2A48AB4A00E6B17A /* ScannerVC.swift in Sources */ = {isa = PBXBuildFile; fileRef = 09C4F00B2A48AB4A00E6B17A /* ScannerVC.swift */; };
		09C4F0122A48FB2E00E6B17A /* ScanResultView.swift in Sources */ = {isa = PBXBuildFile; fileRef = 09C4F0112A48FB2E00E6B17A /* ScanResultView.swift */; };
		09C4F0162A490AA300E6B17A /* WebService.swift in Sources */ = {isa = PBXBuildFile; fileRef = 09C4F0152A490AA300E6B17A /* WebService.swift */; };
		09C4F0192A4F7AF600E6B17A /* ScanResultViewModel.swift in Sources */ = {isa = PBXBuildFile; fileRef = 09C4F0182A4F7AF600E6B17A /* ScanResultViewModel.swift */; };
/* End PBXBuildFile section */

/* Begin PBXFileReference section */
		095015E82A3587D8008E046E /* TripTrack.app */ = {isa = PBXFileReference; explicitFileType = wrapper.application; includeInIndex = 0; path = TripTrack.app; sourceTree = BUILT_PRODUCTS_DIR; };
		095015EB2A3587D8008E046E /* TripTrackApp.swift */ = {isa = PBXFileReference; lastKnownFileType = sourcecode.swift; path = TripTrackApp.swift; sourceTree = "<group>"; };
		095015ED2A3587D8008E046E /* ContentView.swift */ = {isa = PBXFileReference; lastKnownFileType = sourcecode.swift; path = ContentView.swift; sourceTree = "<group>"; };
		095015EF2A3587DA008E046E /* Assets.xcassets */ = {isa = PBXFileReference; lastKnownFileType = folder.assetcatalog; path = Assets.xcassets; sourceTree = "<group>"; };
		095015F22A3587DA008E046E /* Preview Assets.xcassets */ = {isa = PBXFileReference; lastKnownFileType = folder.assetcatalog; path = "Preview Assets.xcassets"; sourceTree = "<group>"; };
		095015FE2A359048008E046E /* GoogleService-Info.plist */ = {isa = PBXFileReference; fileEncoding = 4; lastKnownFileType = text.plist.xml; path = "GoogleService-Info.plist"; sourceTree = "<group>"; };
		095016002A3596CE008E046E /* AppDelegate.swift */ = {isa = PBXFileReference; lastKnownFileType = sourcecode.swift; path = AppDelegate.swift; sourceTree = "<group>"; };
		095016022A35999D008E046E /* Styles.swift */ = {isa = PBXFileReference; lastKnownFileType = sourcecode.swift; path = Styles.swift; sourceTree = "<group>"; };
		095016062A35A0A5008E046E /* LoginView.swift */ = {isa = PBXFileReference; lastKnownFileType = sourcecode.swift; path = LoginView.swift; sourceTree = "<group>"; };
		098EDEBF2A368E64002BFE04 /* LogoView.swift */ = {isa = PBXFileReference; lastKnownFileType = sourcecode.swift; path = LogoView.swift; sourceTree = "<group>"; };
		098EDEC12A368F4E002BFE04 /* User.swift */ = {isa = PBXFileReference; lastKnownFileType = sourcecode.swift; path = User.swift; sourceTree = "<group>"; };
		098EDEC42A369278002BFE04 /* EmailTextFieldView.swift */ = {isa = PBXFileReference; lastKnownFileType = sourcecode.swift; path = EmailTextFieldView.swift; sourceTree = "<group>"; };
		098EDEC62A36A5B6002BFE04 /* PasswordTextFieldView.swift */ = {isa = PBXFileReference; lastKnownFileType = sourcecode.swift; path = PasswordTextFieldView.swift; sourceTree = "<group>"; };
		098EDEC82A36A639002BFE04 /* LoginButtonView.swift */ = {isa = PBXFileReference; lastKnownFileType = sourcecode.swift; path = LoginButtonView.swift; sourceTree = "<group>"; };
		098EDECA2A36A701002BFE04 /* MainView.swift */ = {isa = PBXFileReference; lastKnownFileType = sourcecode.swift; path = MainView.swift; sourceTree = "<group>"; };
		098EDECC2A36A959002BFE04 /* ForgotPasswordButtonView.swift */ = {isa = PBXFileReference; lastKnownFileType = sourcecode.swift; path = ForgotPasswordButtonView.swift; sourceTree = "<group>"; };
		098EDECE2A36AA60002BFE04 /* RegisterView.swift */ = {isa = PBXFileReference; lastKnownFileType = sourcecode.swift; path = RegisterView.swift; sourceTree = "<group>"; };
		098EDED12A36AA98002BFE04 /* GoToRegisterButtonView.swift */ = {isa = PBXFileReference; lastKnownFileType = sourcecode.swift; path = GoToRegisterButtonView.swift; sourceTree = "<group>"; };
		098EDED32A393C0F002BFE04 /* Utility.swift */ = {isa = PBXFileReference; lastKnownFileType = sourcecode.swift; path = Utility.swift; sourceTree = "<group>"; };
		098EDED92A394163002BFE04 /* HomeView.swift */ = {isa = PBXFileReference; lastKnownFileType = sourcecode.swift; path = HomeView.swift; sourceTree = "<group>"; };
		098EDEDB2A39417A002BFE04 /* ScanView.swift */ = {isa = PBXFileReference; lastKnownFileType = sourcecode.swift; path = ScanView.swift; sourceTree = "<group>"; };
		098EDEDF2A3941A0002BFE04 /* HistoryView.swift */ = {isa = PBXFileReference; lastKnownFileType = sourcecode.swift; path = HistoryView.swift; sourceTree = "<group>"; };
		098EDEE12A39A5C8002BFE04 /* TabView.swift */ = {isa = PBXFileReference; lastKnownFileType = sourcecode.swift; path = TabView.swift; sourceTree = "<group>"; };
		098EDEE42A3D4A2D002BFE04 /* SettingsButton.swift */ = {isa = PBXFileReference; lastKnownFileType = sourcecode.swift; path = SettingsButton.swift; sourceTree = "<group>"; };
		098EDEE62A3D4BE5002BFE04 /* SettingView.swift */ = {isa = PBXFileReference; lastKnownFileType = sourcecode.swift; path = SettingView.swift; sourceTree = "<group>"; };
		098EDEE82A3D4CBD002BFE04 /* AboutViewButton.swift */ = {isa = PBXFileReference; lastKnownFileType = sourcecode.swift; path = AboutViewButton.swift; sourceTree = "<group>"; };
		098EDEEA2A3D4CED002BFE04 /* LogoutButtonView.swift */ = {isa = PBXFileReference; lastKnownFileType = sourcecode.swift; path = LogoutButtonView.swift; sourceTree = "<group>"; };
		098EDEEC2A3D4D13002BFE04 /* DeleteAccountButtonView.swift */ = {isa = PBXFileReference; lastKnownFileType = sourcecode.swift; path = DeleteAccountButtonView.swift; sourceTree = "<group>"; };
		09B602E12A4FCBB400FA5E0A /* Vehicle.swift */ = {isa = PBXFileReference; lastKnownFileType = sourcecode.swift; path = Vehicle.swift; sourceTree = "<group>"; };
		09B602E52A526AB300FA5E0A /* LocationManager.swift */ = {isa = PBXFileReference; lastKnownFileType = sourcecode.swift; path = LocationManager.swift; sourceTree = "<group>"; };
		09B602ED2A53A4F900FA5E0A /* Location.swift */ = {isa = PBXFileReference; lastKnownFileType = sourcecode.swift; path = Location.swift; sourceTree = "<group>"; };
		09B602EF2A59267500FA5E0A /* HistoryCellView.swift */ = {isa = PBXFileReference; lastKnownFileType = sourcecode.swift; path = HistoryCellView.swift; sourceTree = "<group>"; };
		09B602F12A592A6700FA5E0A /* GetHistory.swift */ = {isa = PBXFileReference; lastKnownFileType = sourcecode.swift; path = GetHistory.swift; sourceTree = "<group>"; };
		09B602F32A592B6200FA5E0A /* HistoryViewModel.swift */ = {isa = PBXFileReference; lastKnownFileType = sourcecode.swift; path = HistoryViewModel.swift; sourceTree = "<group>"; };
		09B602F52A59E4D400FA5E0A /* HistoryListView.swift */ = {isa = PBXFileReference; lastKnownFileType = sourcecode.swift; path = HistoryListView.swift; sourceTree = "<group>"; };
		09B602F72A59E6EE00FA5E0A /* ActivityIndicator.swift */ = {isa = PBXFileReference; lastKnownFileType = sourcecode.swift; path = ActivityIndicator.swift; sourceTree = "<group>"; };
		09B602F92A5A010B00FA5E0A /* Divider.swift */ = {isa = PBXFileReference; lastKnownFileType = sourcecode.swift; path = Divider.swift; sourceTree = "<group>"; };
		09B602FB2A5A054000FA5E0A /* SingleTripView.swift */ = {isa = PBXFileReference; lastKnownFileType = sourcecode.swift; path = SingleTripView.swift; sourceTree = "<group>"; };
		09B602FD2A5E65DF00FA5E0A /* PrivacyViewModel.swift */ = {isa = PBXFileReference; lastKnownFileType = sourcecode.swift; path = PrivacyViewModel.swift; sourceTree = "<group>"; };
		09B602FF2A5E661100FA5E0A /* PrivacyView.swift */ = {isa = PBXFileReference; lastKnownFileType = sourcecode.swift; path = PrivacyView.swift; sourceTree = "<group>"; };
		09C4EFF42A477F7400E6B17A /* AboutPrivacyView.swift */ = {isa = PBXFileReference; lastKnownFileType = sourcecode.swift; path = AboutPrivacyView.swift; sourceTree = "<group>"; };
		09C4EFF72A478F2A00E6B17A /* RegisterEmailTextFielsView.swift */ = {isa = PBXFileReference; lastKnownFileType = sourcecode.swift; path = RegisterEmailTextFielsView.swift; sourceTree = "<group>"; };
		09C4EFF92A478FD800E6B17A /* RegisterPasswordTextFieldView.swift */ = {isa = PBXFileReference; lastKnownFileType = sourcecode.swift; path = RegisterPasswordTextFieldView.swift; sourceTree = "<group>"; };
		09C4EFFB2A47902600E6B17A /* RegisterRePasswordTextFieldView.swift */ = {isa = PBXFileReference; lastKnownFileType = sourcecode.swift; path = RegisterRePasswordTextFieldView.swift; sourceTree = "<group>"; };
		09C4EFFD2A47909000E6B17A /* RegisterButtonView.swift */ = {isa = PBXFileReference; lastKnownFileType = sourcecode.swift; path = RegisterButtonView.swift; sourceTree = "<group>"; };
		09C4EFFF2A47918700E6B17A /* RegAlerts.swift */ = {isa = PBXFileReference; lastKnownFileType = sourcecode.swift; path = RegAlerts.swift; sourceTree = "<group>"; };
		09C4F0012A47B06A00E6B17A /* RegisterFullNameTextFieldView.swift */ = {isa = PBXFileReference; lastKnownFileType = sourcecode.swift; path = RegisterFullNameTextFieldView.swift; sourceTree = "<group>"; };
		09C4F0032A47E42900E6B17A /* HomeViewModel.swift */ = {isa = PBXFileReference; lastKnownFileType = sourcecode.swift; path = HomeViewModel.swift; sourceTree = "<group>"; };
		09C4F0052A47F87E00E6B17A /* Trip.swift */ = {isa = PBXFileReference; lastKnownFileType = sourcecode.swift; path = Trip.swift; sourceTree = "<group>"; };
		09C4F0072A48AAE200E6B17A /* CameraView.swift */ = {isa = PBXFileReference; lastKnownFileType = sourcecode.swift; path = CameraView.swift; sourceTree = "<group>"; };
		09C4F0092A48AAFA00E6B17A /* CameraViewBottomPanel.swift */ = {isa = PBXFileReference; lastKnownFileType = sourcecode.swift; path = CameraViewBottomPanel.swift; sourceTree = "<group>"; };
		09C4F00B2A48AB4A00E6B17A /* ScannerVC.swift */ = {isa = PBXFileReference; lastKnownFileType = sourcecode.swift; path = ScannerVC.swift; sourceTree = "<group>"; };
		09C4F0112A48FB2E00E6B17A /* ScanResultView.swift */ = {isa = PBXFileReference; lastKnownFileType = sourcecode.swift; path = ScanResultView.swift; sourceTree = "<group>"; };
		09C4F0152A490AA300E6B17A /* WebService.swift */ = {isa = PBXFileReference; lastKnownFileType = sourcecode.swift; path = WebService.swift; sourceTree = "<group>"; };
		09C4F0182A4F7AF600E6B17A /* ScanResultViewModel.swift */ = {isa = PBXFileReference; lastKnownFileType = sourcecode.swift; path = ScanResultViewModel.swift; sourceTree = "<group>"; };
/* End PBXFileReference section */

/* Begin PBXFrameworksBuildPhase section */
		095015E52A3587D8008E046E /* Frameworks */ = {
			isa = PBXFrameworksBuildPhase;
			buildActionMask = 2147483647;
			files = (
				095015FD2A358B0D008E046E /* FirebaseDatabase in Frameworks */,
				095015FB2A358B0D008E046E /* FirebaseAuth in Frameworks */,
			);
			runOnlyForDeploymentPostprocessing = 0;
		};
/* End PBXFrameworksBuildPhase section */

/* Begin PBXGroup section */
		095015DF2A3587D7008E046E = {
			isa = PBXGroup;
			children = (
				095015EA2A3587D8008E046E /* TripTrack */,
				095015E92A3587D8008E046E /* Products */,
			);
			sourceTree = "<group>";
		};
		095015E92A3587D8008E046E /* Products */ = {
			isa = PBXGroup;
			children = (
				095015E82A3587D8008E046E /* TripTrack.app */,
			);
			name = Products;
			sourceTree = "<group>";
		};
		095015EA2A3587D8008E046E /* TripTrack */ = {
			isa = PBXGroup;
			children = (
				095016002A3596CE008E046E /* AppDelegate.swift */,
				095015EB2A3587D8008E046E /* TripTrackApp.swift */,
				095016042A3599C7008E046E /* Utility */,
				098EDEC32A368F9B002BFE04 /* Model */,
				09C4F0172A490AB600E6B17A /* Services */,
				095016052A359EF2008E046E /* View */,
				095015EF2A3587DA008E046E /* Assets.xcassets */,
				095015FE2A359048008E046E /* GoogleService-Info.plist */,
				095015F12A3587DA008E046E /* Preview Content */,
			);
			path = TripTrack;
			sourceTree = "<group>";
		};
		095015F12A3587DA008E046E /* Preview Content */ = {
			isa = PBXGroup;
			children = (
				095015F22A3587DA008E046E /* Preview Assets.xcassets */,
			);
			path = "Preview Content";
			sourceTree = "<group>";
		};
		095016042A3599C7008E046E /* Utility */ = {
			isa = PBXGroup;
			children = (
				095016022A35999D008E046E /* Styles.swift */,
				098EDED32A393C0F002BFE04 /* Utility.swift */,
				09B602F72A59E6EE00FA5E0A /* ActivityIndicator.swift */,
				09B602F92A5A010B00FA5E0A /* Divider.swift */,
			);
			path = Utility;
			sourceTree = "<group>";
		};
		095016052A359EF2008E046E /* View */ = {
			isa = PBXGroup;
			children = (
				095015ED2A3587D8008E046E /* ContentView.swift */,
				098EDEE32A3D483F002BFE04 /* MainView */,
				098EDED52A39410C002BFE04 /* Home */,
				098EDED82A394138002BFE04 /* Settings */,
				098EDED72A39412B002BFE04 /* History */,
				098EDED62A39411E002BFE04 /* Scan */,
				095016082A35A0AB008E046E /* Login */,
				098EDED02A36AA65002BFE04 /* Register */,
				09C4EFF62A477F7C00E6B17A /* About&Privacy */,
			);
			path = View;
			sourceTree = "<group>";
		};
		095016082A35A0AB008E046E /* Login */ = {
			isa = PBXGroup;
			children = (
				095016062A35A0A5008E046E /* LoginView.swift */,
				098EDEBF2A368E64002BFE04 /* LogoView.swift */,
				098EDEC42A369278002BFE04 /* EmailTextFieldView.swift */,
				098EDEC62A36A5B6002BFE04 /* PasswordTextFieldView.swift */,
				098EDEC82A36A639002BFE04 /* LoginButtonView.swift */,
				098EDECC2A36A959002BFE04 /* ForgotPasswordButtonView.swift */,
				098EDED12A36AA98002BFE04 /* GoToRegisterButtonView.swift */,
			);
			path = Login;
			sourceTree = "<group>";
		};
		098EDEC32A368F9B002BFE04 /* Model */ = {
			isa = PBXGroup;
			children = (
				098EDEC12A368F4E002BFE04 /* User.swift */,
				09C4EFFF2A47918700E6B17A /* RegAlerts.swift */,
				09C4F0052A47F87E00E6B17A /* Trip.swift */,
				09B602E12A4FCBB400FA5E0A /* Vehicle.swift */,
				09B602ED2A53A4F900FA5E0A /* Location.swift */,
			);
			path = Model;
			sourceTree = "<group>";
		};
		098EDED02A36AA65002BFE04 /* Register */ = {
			isa = PBXGroup;
			children = (
				098EDECE2A36AA60002BFE04 /* RegisterView.swift */,
				09C4EFF72A478F2A00E6B17A /* RegisterEmailTextFielsView.swift */,
				09C4EFF92A478FD800E6B17A /* RegisterPasswordTextFieldView.swift */,
				09C4EFFB2A47902600E6B17A /* RegisterRePasswordTextFieldView.swift */,
				09C4EFFD2A47909000E6B17A /* RegisterButtonView.swift */,
				09C4F0012A47B06A00E6B17A /* RegisterFullNameTextFieldView.swift */,
			);
			path = Register;
			sourceTree = "<group>";
		};
		098EDED52A39410C002BFE04 /* Home */ = {
			isa = PBXGroup;
			children = (
				098EDED92A394163002BFE04 /* HomeView.swift */,
				09C4F0032A47E42900E6B17A /* HomeViewModel.swift */,
			);
			path = Home;
			sourceTree = "<group>";
		};
		098EDED62A39411E002BFE04 /* Scan */ = {
			isa = PBXGroup;
			children = (
				098EDEDB2A39417A002BFE04 /* ScanView.swift */,
				09C4F0072A48AAE200E6B17A /* CameraView.swift */,
				09C4F0092A48AAFA00E6B17A /* CameraViewBottomPanel.swift */,
				09C4F00B2A48AB4A00E6B17A /* ScannerVC.swift */,
				09C4F0112A48FB2E00E6B17A /* ScanResultView.swift */,
				09C4F0182A4F7AF600E6B17A /* ScanResultViewModel.swift */,
			);
			path = Scan;
			sourceTree = "<group>";
		};
		098EDED72A39412B002BFE04 /* History */ = {
			isa = PBXGroup;
			children = (
				098EDEDF2A3941A0002BFE04 /* HistoryView.swift */,
				09B602F32A592B6200FA5E0A /* HistoryViewModel.swift */,
				09B602EF2A59267500FA5E0A /* HistoryCellView.swift */,
				09B602F52A59E4D400FA5E0A /* HistoryListView.swift */,
				09B602FB2A5A054000FA5E0A /* SingleTripView.swift */,
			);
			path = History;
			sourceTree = "<group>";
		};
		098EDED82A394138002BFE04 /* Settings */ = {
			isa = PBXGroup;
			children = (
				098EDEE42A3D4A2D002BFE04 /* SettingsButton.swift */,
				098EDEE62A3D4BE5002BFE04 /* SettingView.swift */,
				098EDEE82A3D4CBD002BFE04 /* AboutViewButton.swift */,
				098EDEEA2A3D4CED002BFE04 /* LogoutButtonView.swift */,
				098EDEEC2A3D4D13002BFE04 /* DeleteAccountButtonView.swift */,
			);
			path = Settings;
			sourceTree = "<group>";
		};
		098EDEE32A3D483F002BFE04 /* MainView */ = {
			isa = PBXGroup;
			children = (
				098EDECA2A36A701002BFE04 /* MainView.swift */,
				098EDEE12A39A5C8002BFE04 /* TabView.swift */,
			);
			path = MainView;
			sourceTree = "<group>";
		};
		09C4EFF62A477F7C00E6B17A /* About&Privacy */ = {
			isa = PBXGroup;
			children = (
				09C4EFF42A477F7400E6B17A /* AboutPrivacyView.swift */,
				09B602FD2A5E65DF00FA5E0A /* PrivacyViewModel.swift */,
				09B602FF2A5E661100FA5E0A /* PrivacyView.swift */,
			);
			path = "About&Privacy";
			sourceTree = "<group>";
		};
		09C4F0172A490AB600E6B17A /* Services */ = {
			isa = PBXGroup;
			children = (
				09C4F0152A490AA300E6B17A /* WebService.swift */,
				09B602E52A526AB300FA5E0A /* LocationManager.swift */,
				09B602F12A592A6700FA5E0A /* GetHistory.swift */,
			);
			path = Services;
			sourceTree = "<group>";
		};
/* End PBXGroup section */

/* Begin PBXNativeTarget section */
		095015E72A3587D8008E046E /* TripTrack */ = {
			isa = PBXNativeTarget;
			buildConfigurationList = 095015F62A3587DA008E046E /* Build configuration list for PBXNativeTarget "TripTrack" */;
			buildPhases = (
				095015E42A3587D8008E046E /* Sources */,
				095015E52A3587D8008E046E /* Frameworks */,
				095015E62A3587D8008E046E /* Resources */,
			);
			buildRules = (
			);
			dependencies = (
			);
			name = TripTrack;
			packageProductDependencies = (
				095015FA2A358B0D008E046E /* FirebaseAuth */,
				095015FC2A358B0D008E046E /* FirebaseDatabase */,
			);
			productName = TripTrack;
			productReference = 095015E82A3587D8008E046E /* TripTrack.app */;
			productType = "com.apple.product-type.application";
		};
/* End PBXNativeTarget section */

/* Begin PBXProject section */
		095015E02A3587D7008E046E /* Project object */ = {
			isa = PBXProject;
			attributes = {
				BuildIndependentTargetsInParallel = 1;
				LastSwiftUpdateCheck = 1430;
				LastUpgradeCheck = 1430;
				TargetAttributes = {
					095015E72A3587D8008E046E = {
						CreatedOnToolsVersion = 14.3.1;
					};
				};
			};
			buildConfigurationList = 095015E32A3587D7008E046E /* Build configuration list for PBXProject "TripTrack" */;
			compatibilityVersion = "Xcode 14.0";
			developmentRegion = en;
			hasScannedForEncodings = 0;
			knownRegions = (
				en,
				Base,
			);
			mainGroup = 095015DF2A3587D7008E046E;
			packageReferences = (
				095015F92A358B0D008E046E /* XCRemoteSwiftPackageReference "firebase-ios-sdk" */,
			);
			productRefGroup = 095015E92A3587D8008E046E /* Products */;
			projectDirPath = "";
			projectRoot = "";
			targets = (
				095015E72A3587D8008E046E /* TripTrack */,
			);
		};
/* End PBXProject section */

/* Begin PBXResourcesBuildPhase section */
		095015E62A3587D8008E046E /* Resources */ = {
			isa = PBXResourcesBuildPhase;
			buildActionMask = 2147483647;
			files = (
				095015F32A3587DA008E046E /* Preview Assets.xcassets in Resources */,
				095015F02A3587DA008E046E /* Assets.xcassets in Resources */,
				095015FF2A359048008E046E /* GoogleService-Info.plist in Resources */,
			);
			runOnlyForDeploymentPostprocessing = 0;
		};
/* End PBXResourcesBuildPhase section */

/* Begin PBXSourcesBuildPhase section */
		095015E42A3587D8008E046E /* Sources */ = {
			isa = PBXSourcesBuildPhase;
			buildActionMask = 2147483647;
			files = (
				09C4F0062A47F87E00E6B17A /* Trip.swift in Sources */,
				098EDECD2A36A959002BFE04 /* ForgotPasswordButtonView.swift in Sources */,
				095016012A3596CE008E046E /* AppDelegate.swift in Sources */,
				098EDECF2A36AA60002BFE04 /* RegisterView.swift in Sources */,
				09C4F0042A47E42900E6B17A /* HomeViewModel.swift in Sources */,
				098EDEE72A3D4BE5002BFE04 /* SettingView.swift in Sources */,
				098EDEC02A368E64002BFE04 /* LogoView.swift in Sources */,
				095015EE2A3587D8008E046E /* ContentView.swift in Sources */,
				09C4F0022A47B06A00E6B17A /* RegisterFullNameTextFieldView.swift in Sources */,
				09C4EFF82A478F2B00E6B17A /* RegisterEmailTextFielsView.swift in Sources */,
				09B602F42A592B6200FA5E0A /* HistoryViewModel.swift in Sources */,
				09B602E22A4FCBB400FA5E0A /* Vehicle.swift in Sources */,
				098EDED42A393C10002BFE04 /* Utility.swift in Sources */,
				098EDEED2A3D4D13002BFE04 /* DeleteAccountButtonView.swift in Sources */,
				09B602F02A59267500FA5E0A /* HistoryCellView.swift in Sources */,
				09B602FA2A5A010B00FA5E0A /* Divider.swift in Sources */,
				095015EC2A3587D8008E046E /* TripTrackApp.swift in Sources */,
				09C4F0192A4F7AF600E6B17A /* ScanResultViewModel.swift in Sources */,
				098EDEC92A36A639002BFE04 /* LoginButtonView.swift in Sources */,
				09C4EFFE2A47909000E6B17A /* RegisterButtonView.swift in Sources */,
				098EDECB2A36A701002BFE04 /* MainView.swift in Sources */,
				098EDEE22A39A5C8002BFE04 /* TabView.swift in Sources */,
				09B602F82A59E6EE00FA5E0A /* ActivityIndicator.swift in Sources */,
				09B602FE2A5E65DF00FA5E0A /* PrivacyViewModel.swift in Sources */,
				09C4EFFA2A478FD800E6B17A /* RegisterPasswordTextFieldView.swift in Sources */,
				09B602F22A592A6700FA5E0A /* GetHistory.swift in Sources */,
				09B602F62A59E4D400FA5E0A /* HistoryListView.swift in Sources */,
				09C4F00A2A48AAFA00E6B17A /* CameraViewBottomPanel.swift in Sources */,
				09C4F0122A48FB2E00E6B17A /* ScanResultView.swift in Sources */,
				095016072A35A0A5008E046E /* LoginView.swift in Sources */,
				09C4EFF52A477F7400E6B17A /* AboutPrivacyView.swift in Sources */,
				09C4F00C2A48AB4A00E6B17A /* ScannerVC.swift in Sources */,
				095016032A35999D008E046E /* Styles.swift in Sources */,
				098EDEE52A3D4A2D002BFE04 /* SettingsButton.swift in Sources */,
				098EDEE02A3941A0002BFE04 /* HistoryView.swift in Sources */,
				098EDED22A36AA98002BFE04 /* GoToRegisterButtonView.swift in Sources */,
				098EDEC22A368F4E002BFE04 /* User.swift in Sources */,
				098EDEDA2A394163002BFE04 /* HomeView.swift in Sources */,
				09B602FC2A5A054000FA5E0A /* SingleTripView.swift in Sources */,
				09C4F0002A47918700E6B17A /* RegAlerts.swift in Sources */,
				09C4F0162A490AA300E6B17A /* WebService.swift in Sources */,
				09B603002A5E661100FA5E0A /* PrivacyView.swift in Sources */,
				098EDEC72A36A5B6002BFE04 /* PasswordTextFieldView.swift in Sources */,
				09B602EE2A53A4F900FA5E0A /* Location.swift in Sources */,
				09C4EFFC2A47902600E6B17A /* RegisterRePasswordTextFieldView.swift in Sources */,
				09C4F0082A48AAE200E6B17A /* CameraView.swift in Sources */,
				098EDEDC2A39417A002BFE04 /* ScanView.swift in Sources */,
				09B602E62A526AB300FA5E0A /* LocationManager.swift in Sources */,
				098EDEE92A3D4CBD002BFE04 /* AboutViewButton.swift in Sources */,
				098EDEEB2A3D4CED002BFE04 /* LogoutButtonView.swift in Sources */,
				098EDEC52A369278002BFE04 /* EmailTextFieldView.swift in Sources */,
			);
			runOnlyForDeploymentPostprocessing = 0;
		};
/* End PBXSourcesBuildPhase section */

/* Begin XCBuildConfiguration section */
		095015F42A3587DA008E046E /* Debug */ = {
			isa = XCBuildConfiguration;
			buildSettings = {
				ALWAYS_SEARCH_USER_PATHS = NO;
				CLANG_ANALYZER_NONNULL = YES;
				CLANG_ANALYZER_NUMBER_OBJECT_CONVERSION = YES_AGGRESSIVE;
				CLANG_CXX_LANGUAGE_STANDARD = "gnu++20";
				CLANG_ENABLE_MODULES = YES;
				CLANG_ENABLE_OBJC_ARC = YES;
				CLANG_ENABLE_OBJC_WEAK = YES;
				CLANG_WARN_BLOCK_CAPTURE_AUTORELEASING = YES;
				CLANG_WARN_BOOL_CONVERSION = YES;
				CLANG_WARN_COMMA = YES;
				CLANG_WARN_CONSTANT_CONVERSION = YES;
				CLANG_WARN_DEPRECATED_OBJC_IMPLEMENTATIONS = YES;
				CLANG_WARN_DIRECT_OBJC_ISA_USAGE = YES_ERROR;
				CLANG_WARN_DOCUMENTATION_COMMENTS = YES;
				CLANG_WARN_EMPTY_BODY = YES;
				CLANG_WARN_ENUM_CONVERSION = YES;
				CLANG_WARN_INFINITE_RECURSION = YES;
				CLANG_WARN_INT_CONVERSION = YES;
				CLANG_WARN_NON_LITERAL_NULL_CONVERSION = YES;
				CLANG_WARN_OBJC_IMPLICIT_RETAIN_SELF = YES;
				CLANG_WARN_OBJC_LITERAL_CONVERSION = YES;
				CLANG_WARN_OBJC_ROOT_CLASS = YES_ERROR;
				CLANG_WARN_QUOTED_INCLUDE_IN_FRAMEWORK_HEADER = YES;
				CLANG_WARN_RANGE_LOOP_ANALYSIS = YES;
				CLANG_WARN_STRICT_PROTOTYPES = YES;
				CLANG_WARN_SUSPICIOUS_MOVE = YES;
				CLANG_WARN_UNGUARDED_AVAILABILITY = YES_AGGRESSIVE;
				CLANG_WARN_UNREACHABLE_CODE = YES;
				CLANG_WARN__DUPLICATE_METHOD_MATCH = YES;
				COPY_PHASE_STRIP = NO;
				DEBUG_INFORMATION_FORMAT = dwarf;
				ENABLE_STRICT_OBJC_MSGSEND = YES;
				ENABLE_TESTABILITY = YES;
				GCC_C_LANGUAGE_STANDARD = gnu11;
				GCC_DYNAMIC_NO_PIC = NO;
				GCC_NO_COMMON_BLOCKS = YES;
				GCC_OPTIMIZATION_LEVEL = 0;
				GCC_PREPROCESSOR_DEFINITIONS = (
					"DEBUG=1",
					"$(inherited)",
				);
				GCC_WARN_64_TO_32_BIT_CONVERSION = YES;
				GCC_WARN_ABOUT_RETURN_TYPE = YES_ERROR;
				GCC_WARN_UNDECLARED_SELECTOR = YES;
				GCC_WARN_UNINITIALIZED_AUTOS = YES_AGGRESSIVE;
				GCC_WARN_UNUSED_FUNCTION = YES;
				GCC_WARN_UNUSED_VARIABLE = YES;
				IPHONEOS_DEPLOYMENT_TARGET = 16.4;
				MTL_ENABLE_DEBUG_INFO = INCLUDE_SOURCE;
				MTL_FAST_MATH = YES;
				ONLY_ACTIVE_ARCH = YES;
				SDKROOT = iphoneos;
				SWIFT_ACTIVE_COMPILATION_CONDITIONS = DEBUG;
				SWIFT_OPTIMIZATION_LEVEL = "-Onone";
			};
			name = Debug;
		};
		095015F52A3587DA008E046E /* Release */ = {
			isa = XCBuildConfiguration;
			buildSettings = {
				ALWAYS_SEARCH_USER_PATHS = NO;
				CLANG_ANALYZER_NONNULL = YES;
				CLANG_ANALYZER_NUMBER_OBJECT_CONVERSION = YES_AGGRESSIVE;
				CLANG_CXX_LANGUAGE_STANDARD = "gnu++20";
				CLANG_ENABLE_MODULES = YES;
				CLANG_ENABLE_OBJC_ARC = YES;
				CLANG_ENABLE_OBJC_WEAK = YES;
				CLANG_WARN_BLOCK_CAPTURE_AUTORELEASING = YES;
				CLANG_WARN_BOOL_CONVERSION = YES;
				CLANG_WARN_COMMA = YES;
				CLANG_WARN_CONSTANT_CONVERSION = YES;
				CLANG_WARN_DEPRECATED_OBJC_IMPLEMENTATIONS = YES;
				CLANG_WARN_DIRECT_OBJC_ISA_USAGE = YES_ERROR;
				CLANG_WARN_DOCUMENTATION_COMMENTS = YES;
				CLANG_WARN_EMPTY_BODY = YES;
				CLANG_WARN_ENUM_CONVERSION = YES;
				CLANG_WARN_INFINITE_RECURSION = YES;
				CLANG_WARN_INT_CONVERSION = YES;
				CLANG_WARN_NON_LITERAL_NULL_CONVERSION = YES;
				CLANG_WARN_OBJC_IMPLICIT_RETAIN_SELF = YES;
				CLANG_WARN_OBJC_LITERAL_CONVERSION = YES;
				CLANG_WARN_OBJC_ROOT_CLASS = YES_ERROR;
				CLANG_WARN_QUOTED_INCLUDE_IN_FRAMEWORK_HEADER = YES;
				CLANG_WARN_RANGE_LOOP_ANALYSIS = YES;
				CLANG_WARN_STRICT_PROTOTYPES = YES;
				CLANG_WARN_SUSPICIOUS_MOVE = YES;
				CLANG_WARN_UNGUARDED_AVAILABILITY = YES_AGGRESSIVE;
				CLANG_WARN_UNREACHABLE_CODE = YES;
				CLANG_WARN__DUPLICATE_METHOD_MATCH = YES;
				COPY_PHASE_STRIP = NO;
				DEBUG_INFORMATION_FORMAT = "dwarf-with-dsym";
				ENABLE_NS_ASSERTIONS = NO;
				ENABLE_STRICT_OBJC_MSGSEND = YES;
				GCC_C_LANGUAGE_STANDARD = gnu11;
				GCC_NO_COMMON_BLOCKS = YES;
				GCC_WARN_64_TO_32_BIT_CONVERSION = YES;
				GCC_WARN_ABOUT_RETURN_TYPE = YES_ERROR;
				GCC_WARN_UNDECLARED_SELECTOR = YES;
				GCC_WARN_UNINITIALIZED_AUTOS = YES_AGGRESSIVE;
				GCC_WARN_UNUSED_FUNCTION = YES;
				GCC_WARN_UNUSED_VARIABLE = YES;
				IPHONEOS_DEPLOYMENT_TARGET = 16.4;
				MTL_ENABLE_DEBUG_INFO = NO;
				MTL_FAST_MATH = YES;
				SDKROOT = iphoneos;
				SWIFT_COMPILATION_MODE = wholemodule;
				SWIFT_OPTIMIZATION_LEVEL = "-O";
				VALIDATE_PRODUCT = YES;
			};
			name = Release;
		};
		095015F72A3587DA008E046E /* Debug */ = {
			isa = XCBuildConfiguration;
			buildSettings = {
				ASSETCATALOG_COMPILER_APPICON_NAME = AppIcon;
				ASSETCATALOG_COMPILER_GLOBAL_ACCENT_COLOR_NAME = AccentColor;
				CODE_SIGN_IDENTITY = "Apple Development";
				CODE_SIGN_STYLE = Automatic;
				CURRENT_PROJECT_VERSION = 1;
				DEVELOPMENT_ASSET_PATHS = "\"TripTrack/Preview Content\"";
				DEVELOPMENT_TEAM = D2C435SLPG;
				ENABLE_PREVIEWS = YES;
				GENERATE_INFOPLIST_FILE = YES;
				INFOPLIST_KEY_CFBundleDisplayName = TripTrack;
				INFOPLIST_KEY_LSApplicationCategoryType = "public.app-category.travel";
				INFOPLIST_KEY_NSCameraUsageDescription = "The application needs to use device camera";
				INFOPLIST_KEY_NSLocationUsageDescription = "The application needs to grab your location";
				INFOPLIST_KEY_NSLocationWhenInUseUsageDescription = "The application needs to grab your location";
				INFOPLIST_KEY_UIApplicationSceneManifest_Generation = YES;
				INFOPLIST_KEY_UIApplicationSupportsIndirectInputEvents = YES;
				INFOPLIST_KEY_UILaunchScreen_Generation = YES;
				INFOPLIST_KEY_UIStatusBarStyle = UIStatusBarStyleDarkContent;
				INFOPLIST_KEY_UISupportedInterfaceOrientations = UIInterfaceOrientationPortrait;
				IPHONEOS_DEPLOYMENT_TARGET = 16.4;
				LD_RUNPATH_SEARCH_PATHS = (
					"$(inherited)",
					"@executable_path/Frameworks",
				);
				MARKETING_VERSION = 3.0;
				PRODUCT_BUNDLE_IDENTIFIER = ca.vako.TripTrack;
				PRODUCT_NAME = "$(TARGET_NAME)";
				PROVISIONING_PROFILE_SPECIFIER = "";
				SUPPORTED_PLATFORMS = "iphoneos iphonesimulator";
				SUPPORTS_MACCATALYST = NO;
				SUPPORTS_MAC_DESIGNED_FOR_IPHONE_IPAD = NO;
				SWIFT_EMIT_LOC_STRINGS = YES;
				SWIFT_VERSION = 5.0;
				TARGETED_DEVICE_FAMILY = 1;
			};
			name = Debug;
		};
		095015F82A3587DA008E046E /* Release */ = {
			isa = XCBuildConfiguration;
			buildSettings = {
				ASSETCATALOG_COMPILER_APPICON_NAME = AppIcon;
				ASSETCATALOG_COMPILER_GLOBAL_ACCENT_COLOR_NAME = AccentColor;
				CODE_SIGN_IDENTITY = "Apple Development";
				CODE_SIGN_STYLE = Automatic;
				CURRENT_PROJECT_VERSION = 1;
				DEVELOPMENT_ASSET_PATHS = "\"TripTrack/Preview Content\"";
				DEVELOPMENT_TEAM = D2C435SLPG;
				ENABLE_PREVIEWS = YES;
				GENERATE_INFOPLIST_FILE = YES;
				INFOPLIST_KEY_CFBundleDisplayName = TripTrack;
				INFOPLIST_KEY_LSApplicationCategoryType = "public.app-category.travel";
				INFOPLIST_KEY_NSCameraUsageDescription = "The application needs to use device camera";
				INFOPLIST_KEY_NSLocationUsageDescription = "The application needs to grab your location";
				INFOPLIST_KEY_NSLocationWhenInUseUsageDescription = "The application needs to grab your location";
				INFOPLIST_KEY_UIApplicationSceneManifest_Generation = YES;
				INFOPLIST_KEY_UIApplicationSupportsIndirectInputEvents = YES;
				INFOPLIST_KEY_UILaunchScreen_Generation = YES;
				INFOPLIST_KEY_UIStatusBarStyle = UIStatusBarStyleDarkContent;
				INFOPLIST_KEY_UISupportedInterfaceOrientations = UIInterfaceOrientationPortrait;
				IPHONEOS_DEPLOYMENT_TARGET = 16.4;
				LD_RUNPATH_SEARCH_PATHS = (
					"$(inherited)",
					"@executable_path/Frameworks",
				);
				MARKETING_VERSION = 3.0;
				PRODUCT_BUNDLE_IDENTIFIER = ca.vako.TripTrack;
				PRODUCT_NAME = "$(TARGET_NAME)";
				PROVISIONING_PROFILE_SPECIFIER = "";
				SUPPORTED_PLATFORMS = "iphoneos iphonesimulator";
				SUPPORTS_MACCATALYST = NO;
				SUPPORTS_MAC_DESIGNED_FOR_IPHONE_IPAD = NO;
				SWIFT_EMIT_LOC_STRINGS = YES;
				SWIFT_VERSION = 5.0;
				TARGETED_DEVICE_FAMILY = 1;
			};
			name = Release;
		};
/* End XCBuildConfiguration section */

/* Begin XCConfigurationList section */
		095015E32A3587D7008E046E /* Build configuration list for PBXProject "TripTrack" */ = {
			isa = XCConfigurationList;
			buildConfigurations = (
				095015F42A3587DA008E046E /* Debug */,
				095015F52A3587DA008E046E /* Release */,
			);
			defaultConfigurationIsVisible = 0;
			defaultConfigurationName = Release;
		};
		095015F62A3587DA008E046E /* Build configuration list for PBXNativeTarget "TripTrack" */ = {
			isa = XCConfigurationList;
			buildConfigurations = (
				095015F72A3587DA008E046E /* Debug */,
				095015F82A3587DA008E046E /* Release */,
			);
			defaultConfigurationIsVisible = 0;
			defaultConfigurationName = Release;
		};
/* End XCConfigurationList section */

/* Begin XCRemoteSwiftPackageReference section */
		095015F92A358B0D008E046E /* XCRemoteSwiftPackageReference "firebase-ios-sdk" */ = {
			isa = XCRemoteSwiftPackageReference;
			repositoryURL = "https://github.com/firebase/firebase-ios-sdk.git";
			requirement = {
				kind = upToNextMajorVersion;
				minimumVersion = 10.0.0;
			};
		};
/* End XCRemoteSwiftPackageReference section */

/* Begin XCSwiftPackageProductDependency section */
		095015FA2A358B0D008E046E /* FirebaseAuth */ = {
			isa = XCSwiftPackageProductDependency;
			package = 095015F92A358B0D008E046E /* XCRemoteSwiftPackageReference "firebase-ios-sdk" */;
			productName = FirebaseAuth;
		};
		095015FC2A358B0D008E046E /* FirebaseDatabase */ = {
			isa = XCSwiftPackageProductDependency;
			package = 095015F92A358B0D008E046E /* XCRemoteSwiftPackageReference "firebase-ios-sdk" */;
			productName = FirebaseDatabase;
		};
/* End XCSwiftPackageProductDependency section */
	};
	rootObject = 095015E02A3587D7008E046E /* Project object */;
}
